
Microsoft Visual Studio Solution File, Format Version 12.00
# Visual Studio Version 16
VisualStudioVersion = 16.0.30517.126
MinimumVisualStudioVersion = 10.0.40219.1
Project("{FAE04EC0-301F-11D3-BF4B-00C04F79EFBC}") = "GolabalForum", "GolabalForum\GolabalForum.csproj", "{3C6E14A6-2A52-4A77-9138-C9E1CE3E9FC5}"
EndProject
Global
	GlobalSection(SolutionConfigurationPlatforms) = preSolution
		Debug|Any CPU = Debug|Any CPU
		Release|Any CPU = Release|Any CPU
	EndGlobalSection
	GlobalSection(ProjectConfigurationPlatforms) = postSolution
		{3C6E14A6-2A52-4A77-9138-C9E1CE3E9FC5}.Debug|Any CPU.ActiveCfg = Debug|Any CPU
		{3C6E14A6-2A52-4A77-9138-C9E1CE3E9FC5}.Debug|Any CPU.Build.0 = Debug|Any CPU
		{3C6E14A6-2A52-4A77-9138-C9E1CE3E9FC5}.Release|Any CPU.ActiveCfg = Release|Any CPU
		{3C6E14A6-2A52-4A77-9138-C9E1CE3E9FC5}.Release|Any CPU.Build.0 = Release|Any CPU
	EndGlobalSection
	GlobalSection(SolutionProperties) = preSolution
		HideSolutionNode = FALSE
	EndGlobalSection
	GlobalSection(ExtensibilityGlobals) = postSolution
		SolutionGuid = {3816C57C-64CB-41BF-ACA5-0A26F9F20392}
	EndGlobalSection
EndGlobal
